<?xml version="1.0" encoding="utf-8"?>
<Project ToolsVersion="4.0" xmlns="http://schemas.microsoft.com/developer/msbuild/2003">
  <ItemGroup>
    <Filter Include="Source Files">
      <UniqueIdentifier>{4FC737F1-C7A5-4376-A066-2A32D752A2FF}</UniqueIdentifier>
      <Extensions>cpp;c;cc;cxx;c++;cppm;ixx;def;odl;idl;hpj;bat;asm;asmx</Extensions>
    </Filter>
    <Filter Include="Header Files">
      <UniqueIdentifier>{93995380-89BD-4b04-88EB-625FBE52EBFB}</UniqueIdentifier>
      <Extensions>h;hh;hpp;hxx;h++;hm;inl;inc;ipp;xsd</Extensions>
    </Filter>
    <Filter Include="Resource Files">
      <UniqueIdentifier>{67DA6AB6-F800-4c08-8B7A-83BB121AAD01}</UniqueIdentifier>
      <Extensions>rc;ico;cur;bmp;dlg;rc2;rct;bin;rgs;gif;jpg;jpeg;jpe;resx;tiff;tif;png;wav;mfcribbon-ms</Extensions>
    </Filter>
    <Filter Include="progen">
      <UniqueIdentifier>{b716db4a-ce0f-4ac5-ab8f-5ac8649b1775}</UniqueIdentifier>
    </Filter>
    <Filter Include="progen\headers">
      <UniqueIdentifier>{8c425bfd-6abf-4e6d-853e-9e721677bf3d}</UniqueIdentifier>
    </Filter>
    <Filter Include="progen\sources">
      <UniqueIdentifier>{1ec4bd93-df00-4a7b-b863-559f81bc1407}</UniqueIdentifier>
    </Filter>
    <Filter Include="Shaders">
      <UniqueIdentifier>{6278db5e-2acb-4e4b-8fc7-08b94143a064}</UniqueIdentifier>
    </Filter>
    <Filter Include="Shaders\solidColor">
      <UniqueIdentifier>{72b24300-2f8a-4f13-a163-41a291e16168}</UniqueIdentifier>
    </Filter>
    <Filter Include="Shaders\basicLighting">
      <UniqueIdentifier>{81e0c1c1-2764-4795-8f30-5889cff97ccb}</UniqueIdentifier>
    </Filter>
    <Filter Include="ImGui">
      <UniqueIdentifier>{f8ec6f93-28cf-47fa-bcbf-d9ed3eeb8a93}</UniqueIdentifier>
    </Filter>
  </ItemGroup>
  <ItemGroup>
    <ClCompile Include="main.cpp">
      <Filter>Source Files</Filter>
    </ClCompile>
    <ClCompile Include="glad.c">
      <Filter>Source Files</Filter>
    </ClCompile>
    <ClCompile Include="..\External\include\progen\Camera.cpp">
      <Filter>progen\sources</Filter>
    </ClCompile>
    <ClCompile Include="..\External\include\progen\Shader.cpp">
      <Filter>progen\sources</Filter>
    </ClCompile>
    <ClCompile Include="..\External\include\progen\PerlinNoise.cpp">
      <Filter>progen\sources</Filter>
    </ClCompile>
    <ClCompile Include="..\External\include\ImGui\imgui.cpp">
      <Filter>ImGui</Filter>
    </ClCompile>
    <ClCompile Include="..\External\include\ImGui\imgui_demo.cpp">
      <Filter>ImGui</Filter>
    </ClCompile>
    <ClCompile Include="..\External\include\ImGui\imgui_draw.cpp">
      <Filter>ImGui</Filter>
    </ClCompile>
    <ClCompile Include="..\External\include\ImGui\imgui_impl_glfw.cpp">
      <Filter>ImGui</Filter>
    </ClCompile>
    <ClCompile Include="..\External\include\ImGui\imgui_impl_opengl3.cpp">
      <Filter>ImGui</Filter>
    </ClCompile>
    <ClCompile Include="..\External\include\ImGui\imgui_tables.cpp">
      <Filter>ImGui</Filter>
    </ClCompile>
    <ClCompile Include="..\External\include\ImGui\imgui_widgets.cpp">
      <Filter>ImGui</Filter>
    </ClCompile>
    <ClCompile Include="..\External\include\progen\Terrain.cpp">
      <Filter>progen\sources</Filter>
    </ClCompile>
    <ClCompile Include="..\External\include\progen\Biome.cpp">
      <Filter>progen\sources</Filter>
    </ClCompile>
    <ClCompile Include="..\External\include\progen\Water.cpp">
      <Filter>progen\sources</Filter>
    </ClCompile>
    <ClCompile Include="..\External\include\progen\Grass.cpp">
      <Filter>progen\sources</Filter>
    </ClCompile>
    <ClCompile Include="..\External\include\progen\Land.cpp">
      <Filter>progen\sources</Filter>
    </ClCompile>
    <ClCompile Include="..\External\include\progen\curveEditor.cpp">
      <Filter>progen\sources</Filter>
    </ClCompile>
    <ClCompile Include="..\External\include\progen\Snow.cpp">
      <Filter>progen\sources</Filter>
    </ClCompile>
  </ItemGroup>
  <ItemGroup>
    <ClInclude Include="..\External\include\progen\Camera.h">
      <Filter>progen\headers</Filter>
    </ClInclude>
    <ClInclude Include="..\External\include\progen\Shader.h">
      <Filter>progen\headers</Filter>
    </ClInclude>
    <ClInclude Include="..\External\include\progen\Utilities.h">
      <Filter>progen\headers</Filter>
    </ClInclude>
    <ClInclude Include="..\External\include\progen\PerlinNoise.h">
      <Filter>progen\headers</Filter>
    </ClInclude>
    <ClInclude Include="..\External\include\ImGui\imgui.h">
      <Filter>ImGui</Filter>
    </ClInclude>
    <ClInclude Include="..\External\include\ImGui\imgui_impl_glfw.h">
      <Filter>ImGui</Filter>
    </ClInclude>
    <ClInclude Include="..\External\include\ImGui\imgui_impl_opengl3.h">
      <Filter>ImGui</Filter>
    </ClInclude>
    <ClInclude Include="..\External\include\ImGui\imgui_internal.h">
      <Filter>ImGui</Filter>
    </ClInclude>
    <ClInclude Include="..\External\include\ImGui\imstb_rectpack.h">
      <Filter>ImGui</Filter>
    </ClInclude>
    <ClInclude Include="..\External\include\ImGui\imstb_textedit.h">
      <Filter>ImGui</Filter>
    </ClInclude>
    <ClInclude Include="..\External\include\ImGui\imstb_truetype.h">
      <Filter>ImGui</Filter>
    </ClInclude>
    <ClInclude Include="..\External\include\ImGui\imconfig.h">
      <Filter>ImGui</Filter>
    </ClInclude>
    <ClInclude Include="..\External\include\ImGui\imgui_impl_opengl3_loader.h">
      <Filter>ImGui</Filter>
    </ClInclude>
    <ClInclude Include="..\External\include\progen\Terrain.h">
      <Filter>progen\headers</Filter>
    </ClInclude>
    <ClInclude Include="..\External\include\progen\Biome.h">
      <Filter>progen\headers</Filter>
    </ClInclude>
    <ClInclude Include="..\External\include\progen\Water.h">
      <Filter>progen\headers</Filter>
    </ClInclude>
    <ClInclude Include="..\External\include\progen\Grass.h">
      <Filter>progen\headers</Filter>
    </ClInclude>
    <ClInclude Include="..\External\include\progen\Land.h">
      <Filter>progen\headers</Filter>
    </ClInclude>
    <ClInclude Include="..\External\include\progen\curveEditor.h">
      <Filter>progen\headers</Filter>
    </ClInclude>
    <ClInclude Include="..\External\include\progen\Snow.h">
      <Filter>progen\headers</Filter>
    </ClInclude>
  </ItemGroup>
  <ItemGroup>
    <None Include="..\Shaders\solidColor\solidColor.vert">
      <Filter>Shaders\solidColor</Filter>
    </None>
    <None Include="..\Shaders\solidColor\solidColor.frag">
      <Filter>Shaders\solidColor</Filter>
    </None>
    <None Include="..\Shaders\basicLighting\basicLighting.vert">
      <Filter>Shaders\basicLighting</Filter>
    </None>
    <None Include="..\Shaders\basicLighting\basicLighting.frag">
      <Filter>Shaders\basicLighting</Filter>
    </None>
  </ItemGroup>
</Project>